
Microsoft Visual Studio Solution File, Format Version 12.00
# Visual Studio Version 16
VisualStudioVersion = 16.0.29411.108
MinimumVisualStudioVersion = 10.0.40219.1
Project("{FAE04EC0-301F-11D3-BF4B-00C04F79EFBC}") = "ParallelCSharp", "ParallelCSharp\ParallelCSharp.csproj", "{6599D2E4-A2B6-4261-9D48-6AEDC132F34B}"
EndProject
Project("{FAE04EC0-301F-11D3-BF4B-00C04F79EFBC}") = "CSharpAsycnAwaitSimply", "CSharpAsycnAwaitSimply\CSharpAsycnAwaitSimply.csproj", "{453F25F6-30BA-4F26-B05A-7BACA921CAAE}"
EndProject
Global
	GlobalSection(SolutionConfigurationPlatforms) = preSolution
		Debug|Any CPU = Debug|Any CPU
		Release|Any CPU = Release|Any CPU
	EndGlobalSection
	GlobalSection(ProjectConfigurationPlatforms) = postSolution
		{6599D2E4-A2B6-4261-9D48-6AEDC132F34B}.Debug|Any CPU.ActiveCfg = Debug|Any CPU
		{6599D2E4-A2B6-4261-9D48-6AEDC132F34B}.Debug|Any CPU.Build.0 = Debug|Any CPU
		{6599D2E4-A2B6-4261-9D48-6AEDC132F34B}.Release|Any CPU.ActiveCfg = Release|Any CPU
		{6599D2E4-A2B6-4261-9D48-6AEDC132F34B}.Release|Any CPU.Build.0 = Release|Any CPU
		{453F25F6-30BA-4F26-B05A-7BACA921CAAE}.Debug|Any CPU.ActiveCfg = Debug|Any CPU
		{453F25F6-30BA-4F26-B05A-7BACA921CAAE}.Debug|Any CPU.Build.0 = Debug|Any CPU
		{453F25F6-30BA-4F26-B05A-7BACA921CAAE}.Release|Any CPU.ActiveCfg = Release|Any CPU
		{453F25F6-30BA-4F26-B05A-7BACA921CAAE}.Release|Any CPU.Build.0 = Release|Any CPU
	EndGlobalSection
	GlobalSection(SolutionProperties) = preSolution
		HideSolutionNode = FALSE
	EndGlobalSection
	GlobalSection(ExtensibilityGlobals) = postSolution
		SolutionGuid = {53147C49-12D8-4A8E-822D-617B3482BCA4}
	EndGlobalSection
EndGlobal
